// !$*UTF8*$!
{
	archiveVersion = 1;
	classes = {
	};
	objectVersion = 46;
	objects = {

/* Begin PBXBuildFile section */
		8F2CF67319CF2304006E2E97 /* main.m in Sources */ = {isa = PBXBuildFile; fileRef = 8F2CF67219CF2304006E2E97 /* main.m */; };
		8F2CF67619CF2304006E2E97 /* AppDelegate.m in Sources */ = {isa = PBXBuildFile; fileRef = 8F2CF67519CF2304006E2E97 /* AppDelegate.m */; };
		8F2CF67819CF2304006E2E97 /* Images.xcassets in Resources */ = {isa = PBXBuildFile; fileRef = 8F2CF67719CF2304006E2E97 /* Images.xcassets */; };
		8F2CF67B19CF2304006E2E97 /* MainMenu.xib in Resources */ = {isa = PBXBuildFile; fileRef = 8F2CF67919CF2304006E2E97 /* MainMenu.xib */; };
		8F2CF68719CF2304006E2E97 /* FractionTests.m in Sources */ = {isa = PBXBuildFile; fileRef = 8F2CF68619CF2304006E2E97 /* FractionTests.m */; };
		8F2CF69219CF24D1006E2E97 /* Fraction.m in Sources */ = {isa = PBXBuildFile; fileRef = 8F2CF69119CF24D1006E2E97 /* Fraction.m */; };
/* End PBXBuildFile section */

/* Begin PBXContainerItemProxy section */
		8F2CF68119CF2304006E2E97 /* PBXContainerItemProxy */ = {
			isa = PBXContainerItemProxy;
			containerPortal = 8F2CF66519CF2304006E2E97 /* Project object */;
			proxyType = 1;
			remoteGlobalIDString = 8F2CF66C19CF2304006E2E97;
			remoteInfo = Fraction;
		};
/* End PBXContainerItemProxy section */

/* Begin PBXFileReference section */
		8F2CF66D19CF2304006E2E97 /* Fraction.app */ = {isa = PBXFileReference; explicitFileType = wrapper.application; includeInIndex = 0; path = Fraction.app; sourceTree = BUILT_PRODUCTS_DIR; };
		8F2CF67119CF2304006E2E97 /* Info.plist */ = {isa = PBXFileReference; lastKnownFileType = text.plist.xml; path = Info.plist; sourceTree = "<group>"; };
		8F2CF67219CF2304006E2E97 /* main.m */ = {isa = PBXFileReference; lastKnownFileType = sourcecode.c.objc; path = main.m; sourceTree = "<group>"; };
		8F2CF67419CF2304006E2E97 /* AppDelegate.h */ = {isa = PBXFileReference; lastKnownFileType = sourcecode.c.h; path = AppDelegate.h; sourceTree = "<group>"; };
		8F2CF67519CF2304006E2E97 /* AppDelegate.m */ = {isa = PBXFileReference; lastKnownFileType = sourcecode.c.objc; path = AppDelegate.m; sourceTree = "<group>"; };
		8F2CF67719CF2304006E2E97 /* Images.xcassets */ = {isa = PBXFileReference; lastKnownFileType = folder.assetcatalog; path = Images.xcassets; sourceTree = "<group>"; };
		8F2CF67A19CF2304006E2E97 /* Base */ = {isa = PBXFileReference; lastKnownFileType = file.xib; name = Base; path = Base.lproj/MainMenu.xib; sourceTree = "<group>"; };
		8F2CF68019CF2304006E2E97 /* FractionTests.xctest */ = {isa = PBXFileReference; explicitFileType = wrapper.cfbundle; includeInIndex = 0; path = FractionTests.xctest; sourceTree = BUILT_PRODUCTS_DIR; };
		8F2CF68519CF2304006E2E97 /* Info.plist */ = {isa = PBXFileReference; lastKnownFileType = text.plist.xml; path = Info.plist; sourceTree = "<group>"; };
		8F2CF68619CF2304006E2E97 /* FractionTests.m */ = {isa = PBXFileReference; lastKnownFileType = sourcecode.c.objc; path = FractionTests.m; sourceTree = "<group>"; };
		8F2CF69019CF24D1006E2E97 /* Fraction.h */ = {isa = PBXFileReference; fileEncoding = 4; lastKnownFileType = sourcecode.c.h; path = Fraction.h; sourceTree = SOURCE_ROOT; };
		8F2CF69119CF24D1006E2E97 /* Fraction.m */ = {isa = PBXFileReference; fileEncoding = 4; lastKnownFileType = sourcecode.c.objc; path = Fraction.m; sourceTree = SOURCE_ROOT; };
/* End PBXFileReference section */

/* Begin PBXFrameworksBuildPhase section */
		8F2CF66A19CF2304006E2E97 /* Frameworks */ = {
			isa = PBXFrameworksBuildPhase;
			buildActionMask = 2147483647;
			files = (
			);
			runOnlyForDeploymentPostprocessing = 0;
		};
		8F2CF67D19CF2304006E2E97 /* Frameworks */ = {
			isa = PBXFrameworksBuildPhase;
			buildActionMask = 2147483647;
			files = (
			);
			runOnlyForDeploymentPostprocessing = 0;
		};
/* End PBXFrameworksBuildPhase section */

/* Begin PBXGroup section */
		8F2CF66419CF2304006E2E97 = {
			isa = PBXGroup;
			children = (
				8F2CF66F19CF2304006E2E97 /* Fraction */,
				8F2CF68319CF2304006E2E97 /* FractionTests */,
				8F2CF66E19CF2304006E2E97 /* Products */,
			);
			sourceTree = "<group>";
		};
		8F2CF66E19CF2304006E2E97 /* Products */ = {
			isa = PBXGroup;
			children = (
				8F2CF66D19CF2304006E2E97 /* Fraction.app */,
				8F2CF68019CF2304006E2E97 /* FractionTests.xctest */,
			);
			name = Products;
			sourceTree = "<group>";
		};
		8F2CF66F19CF2304006E2E97 /* Fraction */ = {
			isa = PBXGroup;
			children = (
				8F2CF69019CF24D1006E2E97 /* Fraction.h */,
				8F2CF69119CF24D1006E2E97 /* Fraction.m */,
				8F2CF67419CF2304006E2E97 /* AppDelegate.h */,
				8F2CF67519CF2304006E2E97 /* AppDelegate.m */,
				8F2CF67719CF2304006E2E97 /* Images.xcassets */,
				8F2CF67919CF2304006E2E97 /* MainMenu.xib */,
				8F2CF67019CF2304006E2E97 /* Supporting Files */,
			);
			path = Fraction;
			sourceTree = "<group>";
		};
		8F2CF67019CF2304006E2E97 /* Supporting Files */ = {
			isa = PBXGroup;
			children = (
				8F2CF67119CF2304006E2E97 /* Info.plist */,
				8F2CF67219CF2304006E2E97 /* main.m */,
			);
			name = "Supporting Files";
			sourceTree = "<group>";
		};
		8F2CF68319CF2304006E2E97 /* FractionTests */ = {
			isa = PBXGroup;
			children = (
				8F2CF68619CF2304006E2E97 /* FractionTests.m */,
				8F2CF68419CF2304006E2E97 /* Supporting Files */,
			);
			path = FractionTests;
			sourceTree = "<group>";
		};
		8F2CF68419CF2304006E2E97 /* Supporting Files */ = {
			isa = PBXGroup;
			children = (
				8F2CF68519CF2304006E2E97 /* Info.plist */,
			);
			name = "Supporting Files";
			sourceTree = "<group>";
		};
/* End PBXGroup section */

/* Begin PBXNativeTarget section */
		8F2CF66C19CF2304006E2E97 /* Fraction */ = {
			isa = PBXNativeTarget;
			buildConfigurationList = 8F2CF68A19CF2304006E2E97 /* Build configuration list for PBXNativeTarget "Fraction" */;
			buildPhases = (
				8F2CF66919CF2304006E2E97 /* Sources */,
				8F2CF66A19CF2304006E2E97 /* Frameworks */,
				8F2CF66B19CF2304006E2E97 /* Resources */,
			);
			buildRules = (
			);
			dependencies = (
			);
			name = Fraction;
			productName = Fraction;
			productReference = 8F2CF66D19CF2304006E2E97 /* Fraction.app */;
			productType = "com.apple.product-type.application";
		};
		8F2CF67F19CF2304006E2E97 /* FractionTests */ = {
			isa = PBXNativeTarget;
			buildConfigurationList = 8F2CF68D19CF2304006E2E97 /* Build configuration list for PBXNativeTarget "FractionTests" */;
			buildPhases = (
				8F2CF67C19CF2304006E2E97 /* Sources */,
				8F2CF67D19CF2304006E2E97 /* Frameworks */,
				8F2CF67E19CF2304006E2E97 /* Resources */,
			);
			buildRules = (
			);
			dependencies = (
				8F2CF68219CF2304006E2E97 /* PBXTargetDependency */,
			);
			name = FractionTests;
			productName = FractionTests;
			productReference = 8F2CF68019CF2304006E2E97 /* FractionTests.xctest */;
			productType = "com.apple.product-type.bundle.unit-test";
		};
/* End PBXNativeTarget section */

/* Begin PBXProject section */
		8F2CF66519CF2304006E2E97 /* Project object */ = {
			isa = PBXProject;
			attributes = {
				LastUpgradeCheck = 0600;
				ORGANIZATIONNAME = CS;
				TargetAttributes = {
					8F2CF66C19CF2304006E2E97 = {
						CreatedOnToolsVersion = 6.0;
					};
					8F2CF67F19CF2304006E2E97 = {
						CreatedOnToolsVersion = 6.0;
						TestTargetID = 8F2CF66C19CF2304006E2E97;
					};
				};
			};
			buildConfigurationList = 8F2CF66819CF2304006E2E97 /* Build configuration list for PBXProject "Fraction" */;
			compatibilityVersion = "Xcode 3.2";
			developmentRegion = English;
			hasScannedForEncodings = 0;
			knownRegions = (
				en,
				Base,
			);
			mainGroup = 8F2CF66419CF2304006E2E97;
			productRefGroup = 8F2CF66E19CF2304006E2E97 /* Products */;
			projectDirPath = "";
			projectRoot = "";
			targets = (
				8F2CF66C19CF2304006E2E97 /* Fraction */,
				8F2CF67F19CF2304006E2E97 /* FractionTests */,
			);
		};
/* End PBXProject section */

/* Begin PBXResourcesBuildPhase section */
		8F2CF66B19CF2304006E2E97 /* Resources */ = {
			isa = PBXResourcesBuildPhase;
			buildActionMask = 2147483647;
			files = (
				8F2CF67819CF2304006E2E97 /* Images.xcassets in Resources */,
				8F2CF67B19CF2304006E2E97 /* MainMenu.xib in Resources */,
			);
			runOnlyForDeploymentPostprocessing = 0;
		};
		8F2CF67E19CF2304006E2E97 /* Resources */ = {
			isa = PBXResourcesBuildPhase;
			buildActionMask = 2147483647;
			files = (
			);
			runOnlyForDeploymentPostprocessing = 0;
		};
/* End PBXResourcesBuildPhase section */

/* Begin PBXSourcesBuildPhase section */
		8F2CF66919CF2304006E2E97 /* Sources */ = {
			isa = PBXSourcesBuildPhase;
			buildActionMask = 2147483647;
			files = (
				8F2CF67619CF2304006E2E97 /* AppDelegate.m in Sources */,
				8F2CF67319CF2304006E2E97 /* main.m in Sources */,
				8F2CF69219CF24D1006E2E97 /* Fraction.m in Sources */,
			);
			runOnlyForDeploymentPostprocessing = 0;
		};
		8F2CF67C19CF2304006E2E97 /* Sources */ = {
			isa = PBXSourcesBuildPhase;
			buildActionMask = 2147483647;
			files = (
				8F2CF68719CF2304006E2E97 /* FractionTests.m in Sources */,
			);
			runOnlyForDeploymentPostprocessing = 0;
		};
/* End PBXSourcesBuildPhase section */

/* Begin PBXTargetDependency section */
		8F2CF68219CF2304006E2E97 /* PBXTargetDependency */ = {
			isa = PBXTargetDependency;
			target = 8F2CF66C19CF2304006E2E97 /* Fraction */;
			targetProxy = 8F2CF68119CF2304006E2E97 /* PBXContainerItemProxy */;
		};
/* End PBXTargetDependency section */

/* Begin PBXVariantGroup section */
		8F2CF67919CF2304006E2E97 /* MainMenu.xib */ = {
			isa = PBXVariantGroup;
			children = (
				8F2CF67A19CF2304006E2E97 /* Base */,
			);
			name = MainMenu.xib;
			sourceTree = "<group>";
		};
/* End PBXVariantGroup section */

/* Begin XCBuildConfiguration section */
		8F2CF68819CF2304006E2E97 /* Debug */ = {
			isa = XCBuildConfiguration;
			buildSettings = {
				ALWAYS_SEARCH_USER_PATHS = NO;
				CLANG_CXX_LANGUAGE_STANDARD = "gnu++0x";
				CLANG_CXX_LIBRARY = "libc++";
				CLANG_ENABLE_MODULES = YES;
				CLANG_ENABLE_OBJC_ARC = YES;
				CLANG_WARN_BOOL_CONVERSION = YES;
				CLANG_WARN_CONSTANT_CONVERSION = YES;
				CLANG_WARN_DIRECT_OBJC_ISA_USAGE = YES_ERROR;
				CLANG_WARN_EMPTY_BODY = YES;
				CLANG_WARN_ENUM_CONVERSION = YES;
				CLANG_WARN_INT_CONVERSION = YES;
				CLANG_WARN_OBJC_ROOT_CLASS = YES_ERROR;
				CLANG_WARN_UNREACHABLE_CODE = YES;
				CLANG_WARN__DUPLICATE_METHOD_MATCH = YES;
				CODE_SIGN_IDENTITY = "-";
				COPY_PHASE_STRIP = NO;
				ENABLE_STRICT_OBJC_MSGSEND = YES;
				GCC_C_LANGUAGE_STANDARD = gnu99;
				GCC_DYNAMIC_NO_PIC = NO;
				GCC_OPTIMIZATION_LEVEL = 0;
				GCC_PREPROCESSOR_DEFINITIONS = (
					"DEBUG=1",
					"$(inherited)",
				);
				GCC_SYMBOLS_PRIVATE_EXTERN = NO;
				GCC_WARN_64_TO_32_BIT_CONVERSION = YES;
				GCC_WARN_ABOUT_RETURN_TYPE = YES_ERROR;
				GCC_WARN_UNDECLARED_SELECTOR = YES;
				GCC_WARN_UNINITIALIZED_AUTOS = YES_AGGRESSIVE;
				GCC_WARN_UNUSED_FUNCTION = YES;
				GCC_WARN_UNUSED_VARIABLE = YES;
				MACOSX_DEPLOYMENT_TARGET = 10.9;
				MTL_ENABLE_DEBUG_INFO = YES;
				ONLY_ACTIVE_ARCH = YES;
				SDKROOT = macosx;
			};
			name = Debug;
		};
		8F2CF68919CF2304006E2E97 /* Release */ = {
			isa = XCBuildConfiguration;
			buildSettings = {
				ALWAYS_SEARCH_USER_PATHS = NO;
				CLANG_CXX_LANGUAGE_STANDARD = "gnu++0x";
				CLANG_CXX_LIBRARY = "libc++";
				CLANG_ENABLE_MODULES = YES;
				CLANG_ENABLE_OBJC_ARC = YES;
				CLANG_WARN_BOOL_CONVERSION = YES;
				CLANG_WARN_CONSTANT_CONVERSION = YES;
				CLANG_WARN_DIRECT_OBJC_ISA_USAGE = YES_ERROR;
				CLANG_WARN_EMPTY_BODY = YES;
				CLANG_WARN_ENUM_CONVERSION = YES;
				CLANG_WARN_INT_CONVERSION = YES;
				CLANG_WARN_OBJC_ROOT_CLASS = YES_ERROR;
				CLANG_WARN_UNREACHABLE_CODE = YES;
				CLANG_WARN__DUPLICATE_METHOD_MATCH = YES;
				CODE_SIGN_IDENTITY = "-";
				COPY_PHASE_STRIP = YES;
				DEBUG_INFORMATION_FORMAT = "dwarf-with-dsym";
				ENABLE_NS_ASSERTIONS = NO;
				ENABLE_STRICT_OBJC_MSGSEND = YES;
				GCC_C_LANGUAGE_STANDARD = gnu99;
				GCC_WARN_64_TO_32_BIT_CONVERSION = YES;
				GCC_WARN_ABOUT_RETURN_TYPE = YES_ERROR;
				GCC_WARN_UNDECLARED_SELECTOR = YES;
				GCC_WARN_UNINITIALIZED_AUTOS = YES_AGGRESSIVE;
				GCC_WARN_UNUSED_FUNCTION = YES;
				GCC_WARN_UNUSED_VARIABLE = YES;
				MACOSX_DEPLOYMENT_TARGET = 10.9;
				MTL_ENABLE_DEBUG_INFO = NO;
				SDKROOT = macosx;
			};
			name = Release;
		};
		8F2CF68B19CF2304006E2E97 /* Debug */ = {
			isa = XCBuildConfiguration;
			buildSettings = {
				ASSETCATALOG_COMPILER_APPICON_NAME = AppIcon;
				COMBINE_HIDPI_IMAGES = YES;
				INFOPLIST_FILE = Fraction/Info.plist;
				LD_RUNPATH_SEARCH_PATHS = "$(inherited) @executable_path/../Frameworks";
				PRODUCT_NAME = "$(TARGET_NAME)";
			};
			name = Debug;
		};
		8F2CF68C19CF2304006E2E97 /* Release */ = {
			isa = XCBuildConfiguration;
			buildSettings = {
				ASSETCATALOG_COMPILER_APPICON_NAME = AppIcon;
				COMBINE_HIDPI_IMAGES = YES;
				INFOPLIST_FILE = Fraction/Info.plist;
				LD_RUNPATH_SEARCH_PATHS = "$(inherited) @executable_path/../Frameworks";
				PRODUCT_NAME = "$(TARGET_NAME)";
			};
			name = Release;
		};
		8F2CF68E19CF2304006E2E97 /* Debug */ = {
			isa = XCBuildConfiguration;
			buildSettings = {
				BUNDLE_LOADER = "$(TEST_HOST)";
				COMBINE_HIDPI_IMAGES = YES;
				FRAMEWORK_SEARCH_PATHS = (
					"$(DEVELOPER_FRAMEWORKS_DIR)",
					"$(inherited)",
				);
				GCC_PREPROCESSOR_DEFINITIONS = (
					"DEBUG=1",
					"$(inherited)",
				);
				INFOPLIST_FILE = FractionTests/Info.plist;
				LD_RUNPATH_SEARCH_PATHS = "$(inherited) @executable_path/../Frameworks @loader_path/../Frameworks";
				PRODUCT_NAME = "$(TARGET_NAME)";
				TEST_HOST = "$(BUILT_PRODUCTS_DIR)/Fraction.app/Contents/MacOS/Fraction";
			};
			name = Debug;
		};
		8F2CF68F19CF2304006E2E97 /* Release */ = {
			isa = XCBuildConfiguration;
			buildSettings = {
				BUNDLE_LOADER = "$(TEST_HOST)";
				COMBINE_HIDPI_IMAGES = YES;
				FRAMEWORK_SEARCH_PATHS = (
					"$(DEVELOPER_FRAMEWORKS_DIR)",
					"$(inherited)",
				);
				INFOPLIST_FILE = FractionTests/Info.plist;
				LD_RUNPATH_SEARCH_PATHS = "$(inherited) @executable_path/../Frameworks @loader_path/../Frameworks";
				PRODUCT_NAME = "$(TARGET_NAME)";
				TEST_HOST = "$(BUILT_PRODUCTS_DIR)/Fraction.app/Contents/MacOS/Fraction";
			};
			name = Release;
		};
/* End XCBuildConfiguration section */

/* Begin XCConfigurationList section */
		8F2CF66819CF2304006E2E97 /* Build configuration list for PBXProject "Fraction" */ = {
			isa = XCConfigurationList;
			buildConfigurations = (
				8F2CF68819CF2304006E2E97 /* Debug */,
				8F2CF68919CF2304006E2E97 /* Release */,
			);
			defaultConfigurationIsVisible = 0;
			defaultConfigurationName = Release;
		};
		8F2CF68A19CF2304006E2E97 /* Build configuration list for PBXNativeTarget "Fraction" */ = {
			isa = XCConfigurationList;
			buildConfigurations = (
				8F2CF68B19CF2304006E2E97 /* Debug */,
				8F2CF68C19CF2304006E2E97 /* Release */,
			);
			defaultConfigurationIsVisible = 0;
		};
		8F2CF68D19CF2304006E2E97 /* Build configuration list for PBXNativeTarget "FractionTests" */ = {
			isa = XCConfigurationList;
			buildConfigurations = (
				8F2CF68E19CF2304006E2E97 /* Debug */,
				8F2CF68F19CF2304006E2E97 /* Release */,
			);
			defaultConfigurationIsVisible = 0;
		};
/* End XCConfigurationList section */
	};
	rootObject = 8F2CF66519CF2304006E2E97 /* Project object */;
}
