# THIS IS AN AUTOGENERATED FILE. DO NOT EDIT THIS FILE DIRECTLY.
# yarn lockfile v1


browserstack-webdriver@^2.41.1:
  version "2.41.1"
  resolved "https://registry.yarnpkg.com/browserstack-webdriver/-/browserstack-webdriver-2.41.1.tgz#d060971c0fd35400e6cb94c10e4320928b0d3b90"
  integrity sha512-DjUNE8oZFOjkYGXJJ+VFK6gaq5vIc1J+Se241AWpc2Qlzh0wBnG4MnnsA3iC8qVZLPaoSCYDCQnTGq2beaO8oA==
  dependencies:
    keep-alive-agent "*"

keep-alive-agent@*:
  version "0.0.1"
  resolved "https://registry.yarnpkg.com/keep-alive-agent/-/keep-alive-agent-0.0.1.tgz#44847ca394ce8d6b521ae85816bd64509942b385"
  integrity sha512-fF6aj9/XFwJiE/4zihw/ZdXg+KeyU4nFvmutF+PkAVadSGqP298+Zm6IzWFzgeDBgvLk3o8boBxNtd1g5Kdjfg==
