{
  "name": "mustache-test",
  "version": "1.0.0",
  "lockfileVersion": 1,
  "requires": true,
  "dependencies": {
    "mustache": {
      "version": "3.0.0",
      "resolved": "https://registry.npmjs.org/mustache/-/mustache-3.0.0.tgz",
      "integrity": "sha512-bhBDkK/PioIbtQzRIbGUGypvc3MC4c389QnJt8KDIEJ666OidRPoXAQAHPivikfS3JkMEaWoPvcDL7YrQxtSwg=="
    }
  }
}
